
Microsoft Visual Studio Solution File, Format Version 12.00
Project("{2150E333-8FDC-42A3-9474-1A3956D46DE8}") = "StoryboarderWiki", "StoryboarderWiki", "{E9058357-21FD-44AC-8382-7813DBA21AD1}"
EndProject
Project("{FAE04EC0-301F-11D3-BF4B-00C04F79EFBC}") = "SpriteUT", "SpriteUT\SpriteUT.csproj", "{03B3D27E-6004-42F4-A2D4-D59C26806BF2}"
EndProject
Project("{FAE04EC0-301F-11D3-BF4B-00C04F79EFBC}") = "EventUT", "EventUT\EventUT.csproj", "{3B97184C-43A8-40BC-9313-90AE8D3E2ACC}"
EndProject
Project("{FAE04EC0-301F-11D3-BF4B-00C04F79EFBC}") = "EventMaker", "EventMaker\EventMaker.csproj", "{04BA46F4-F727-4CCA-B6D4-213076592262}"
EndProject
Project("{FAE04EC0-301F-11D3-BF4B-00C04F79EFBC}") = "SpriteMaker", "SpriteMaker\SpriteMaker.csproj", "{AAD7EC74-C9ED-4F5D-AEDE-A5B76F2BCE9B}"
EndProject
Project("{FAE04EC0-301F-11D3-BF4B-00C04F79EFBC}") = "StoryboardMaker", "StoryboardMaker\StoryboardMaker.csproj", "{B47FB207-6324-4503-A5C2-97BA682DE26F}"
EndProject
Project("{FAE04EC0-301F-11D3-BF4B-00C04F79EFBC}") = "StoryboardUT", "StoryboardUT\StoryboardUT.csproj", "{00C683D5-97A8-48B3-B6B7-6FAE3B6DC18C}"
EndProject
Global
	GlobalSection(SolutionConfigurationPlatforms) = preSolution
		Debug|Any CPU = Debug|Any CPU
		Release|Any CPU = Release|Any CPU
	EndGlobalSection
	GlobalSection(ProjectConfigurationPlatforms) = postSolution
		{03B3D27E-6004-42F4-A2D4-D59C26806BF2}.Debug|Any CPU.ActiveCfg = Debug|Any CPU
		{03B3D27E-6004-42F4-A2D4-D59C26806BF2}.Debug|Any CPU.Build.0 = Debug|Any CPU
		{03B3D27E-6004-42F4-A2D4-D59C26806BF2}.Release|Any CPU.ActiveCfg = Release|Any CPU
		{03B3D27E-6004-42F4-A2D4-D59C26806BF2}.Release|Any CPU.Build.0 = Release|Any CPU
		{3B97184C-43A8-40BC-9313-90AE8D3E2ACC}.Debug|Any CPU.ActiveCfg = Debug|Any CPU
		{3B97184C-43A8-40BC-9313-90AE8D3E2ACC}.Debug|Any CPU.Build.0 = Debug|Any CPU
		{3B97184C-43A8-40BC-9313-90AE8D3E2ACC}.Release|Any CPU.ActiveCfg = Release|Any CPU
		{3B97184C-43A8-40BC-9313-90AE8D3E2ACC}.Release|Any CPU.Build.0 = Release|Any CPU
		{04BA46F4-F727-4CCA-B6D4-213076592262}.Debug|Any CPU.ActiveCfg = Debug|Any CPU
		{04BA46F4-F727-4CCA-B6D4-213076592262}.Debug|Any CPU.Build.0 = Debug|Any CPU
		{04BA46F4-F727-4CCA-B6D4-213076592262}.Release|Any CPU.ActiveCfg = Release|Any CPU
		{04BA46F4-F727-4CCA-B6D4-213076592262}.Release|Any CPU.Build.0 = Release|Any CPU
		{AAD7EC74-C9ED-4F5D-AEDE-A5B76F2BCE9B}.Debug|Any CPU.ActiveCfg = Debug|Any CPU
		{AAD7EC74-C9ED-4F5D-AEDE-A5B76F2BCE9B}.Debug|Any CPU.Build.0 = Debug|Any CPU
		{AAD7EC74-C9ED-4F5D-AEDE-A5B76F2BCE9B}.Release|Any CPU.ActiveCfg = Release|Any CPU
		{AAD7EC74-C9ED-4F5D-AEDE-A5B76F2BCE9B}.Release|Any CPU.Build.0 = Release|Any CPU
		{B47FB207-6324-4503-A5C2-97BA682DE26F}.Debug|Any CPU.ActiveCfg = Debug|Any CPU
		{B47FB207-6324-4503-A5C2-97BA682DE26F}.Debug|Any CPU.Build.0 = Debug|Any CPU
		{B47FB207-6324-4503-A5C2-97BA682DE26F}.Release|Any CPU.ActiveCfg = Release|Any CPU
		{B47FB207-6324-4503-A5C2-97BA682DE26F}.Release|Any CPU.Build.0 = Release|Any CPU
		{00C683D5-97A8-48B3-B6B7-6FAE3B6DC18C}.Debug|Any CPU.ActiveCfg = Debug|Any CPU
		{00C683D5-97A8-48B3-B6B7-6FAE3B6DC18C}.Debug|Any CPU.Build.0 = Debug|Any CPU
		{00C683D5-97A8-48B3-B6B7-6FAE3B6DC18C}.Release|Any CPU.ActiveCfg = Release|Any CPU
		{00C683D5-97A8-48B3-B6B7-6FAE3B6DC18C}.Release|Any CPU.Build.0 = Release|Any CPU
	EndGlobalSection
EndGlobal
