
Microsoft Visual Studio Solution File, Format Version 12.00
Project("{FAE04EC0-301F-11D3-BF4B-00C04F79EFBC}") = "Pather", "Pather\Pather.csproj", "{638F266F-B9E8-4BE1-BFDF-BA790A0F03F2}"
EndProject
Project("{FAE04EC0-301F-11D3-BF4B-00C04F79EFBC}") = "PatherUnitTests", "PatherUnitTests\PatherUnitTests.csproj", "{C1FCFD20-D0DD-432A-B2F8-6C4A2951F2B6}"
EndProject
Global
	GlobalSection(SolutionConfigurationPlatforms) = preSolution
		Debug|Any CPU = Debug|Any CPU
		Release|Any CPU = Release|Any CPU
	EndGlobalSection
	GlobalSection(ProjectConfigurationPlatforms) = postSolution
		{638F266F-B9E8-4BE1-BFDF-BA790A0F03F2}.Debug|Any CPU.ActiveCfg = Debug|Any CPU
		{638F266F-B9E8-4BE1-BFDF-BA790A0F03F2}.Debug|Any CPU.Build.0 = Debug|Any CPU
		{C1FCFD20-D0DD-432A-B2F8-6C4A2951F2B6}.Debug|Any CPU.ActiveCfg = Debug|Any CPU
		{C1FCFD20-D0DD-432A-B2F8-6C4A2951F2B6}.Debug|Any CPU.Build.0 = Debug|Any CPU
		{C1FCFD20-D0DD-432A-B2F8-6C4A2951F2B6}.Release|Any CPU.ActiveCfg = Release|Any CPU
		{C1FCFD20-D0DD-432A-B2F8-6C4A2951F2B6}.Release|Any CPU.Build.0 = Release|Any CPU
	EndGlobalSection
EndGlobal
